
Microsoft Visual Studio Solution File, Format Version 12.00
# Visual Studio Version 17
VisualStudioVersion = 17.14.36915.13 d17.14
MinimumVisualStudioVersion = 10.0.40219.1
Project("{8BC9CEB8-8B4A-11D0-8D11-00A0C91BC942}") = "DSALab4", "DSALab4\DSALab4.vcxproj", "{E6FFCB41-A5B3-4C45-A0A5-E2B1009BFDCE}"
EndProject
Global
	GlobalSection(SolutionConfigurationPlatforms) = preSolution
		Debug|x64 = Debug|x64
		Debug|x86 = Debug|x86
		Release|x64 = Release|x64
		Release|x86 = Release|x86
	EndGlobalSection
	GlobalSection(ProjectConfigurationPlatforms) = postSolution
		{E6FFCB41-A5B3-4C45-A0A5-E2B1009BFDCE}.Debug|x64.ActiveCfg = Debug|x64
		{E6FFCB41-A5B3-4C45-A0A5-E2B1009BFDCE}.Debug|x64.Build.0 = Debug|x64
		{E6FFCB41-A5B3-4C45-A0A5-E2B1009BFDCE}.Debug|x86.ActiveCfg = Debug|Win32
		{E6FFCB41-A5B3-4C45-A0A5-E2B1009BFDCE}.Debug|x86.Build.0 = Debug|Win32
		{E6FFCB41-A5B3-4C45-A0A5-E2B1009BFDCE}.Release|x64.ActiveCfg = Release|x64
		{E6FFCB41-A5B3-4C45-A0A5-E2B1009BFDCE}.Release|x64.Build.0 = Release|x64
		{E6FFCB41-A5B3-4C45-A0A5-E2B1009BFDCE}.Release|x86.ActiveCfg = Release|Win32
		{E6FFCB41-A5B3-4C45-A0A5-E2B1009BFDCE}.Release|x86.Build.0 = Release|Win32
	EndGlobalSection
	GlobalSection(SolutionProperties) = preSolution
		HideSolutionNode = FALSE
	EndGlobalSection
	GlobalSection(ExtensibilityGlobals) = postSolution
		SolutionGuid = {B2F3A1FE-59BE-41B9-97AD-6B2A1DBB7FBB}
	EndGlobalSection
EndGlobal
